
Microsoft Visual Studio Solution File, Format Version 12.00
# Visual Studio 2012
Project("{FAE04EC0-301F-11D3-BF4B-00C04F79EFBC}") = "BranchWorkflow5", "BranchWorkflow5\BranchWorkflow5.csproj", "{70C78D76-A2E3-485D-8CDC-F8D0B5391C8C}"
EndProject
Global
	GlobalSection(SolutionConfigurationPlatforms) = preSolution
		Debug|x86 = Debug|x86
		Release|x86 = Release|x86
	EndGlobalSection
	GlobalSection(ProjectConfigurationPlatforms) = postSolution
		{70C78D76-A2E3-485D-8CDC-F8D0B5391C8C}.Debug|x86.ActiveCfg = Debug|x86
		{70C78D76-A2E3-485D-8CDC-F8D0B5391C8C}.Debug|x86.Build.0 = Debug|x86
		{70C78D76-A2E3-485D-8CDC-F8D0B5391C8C}.Release|x86.ActiveCfg = Release|x86
		{70C78D76-A2E3-485D-8CDC-F8D0B5391C8C}.Release|x86.Build.0 = Release|x86
	EndGlobalSection
EndGlobal
